// !$*UTF8*$!
{
	archiveVersion = 1;
	classes = {
	};
	objectVersion = 77;
	objects = {

/* Begin PBXContainerItemProxy section */
		E9CFA2EA30068EA500ED3F16 /* PBXContainerItemProxy */ = {
			isa = PBXContainerItemProxy;
			containerPortal = E9CFA2D430068EA400ED3F16 /* Project object */;
			proxyType = 1;
			remoteGlobalIDString = E9CFA2DB30068EA400ED3F16;
			remoteInfo = SwiftUIOfficail;
		};
		E9CFA2F430068EA500ED3F16 /* PBXContainerItemProxy */ = {
			isa = PBXContainerItemProxy;
			containerPortal = E9CFA2D430068EA400ED3F16 /* Project object */;
			proxyType = 1;
			remoteGlobalIDString = E9CFA2DB30068EA400ED3F16;
			remoteInfo = SwiftUIOfficail;
		};
/* End PBXContainerItemProxy section */

/* Begin PBXFileReference section */
		E9CFA2DC30068EA400ED3F16 /* SwiftUIOfficail.app */ = {isa = PBXFileReference; explicitFileType = wrapper.application; includeInIndex = 0; path = SwiftUIOfficail.app; sourceTree = BUILT_PRODUCTS_DIR; };
		E9CFA2E930068EA500ED3F16 /* SwiftUIOfficailTests.xctest */ = {isa = PBXFileReference; explicitFileType = wrapper.cfbundle; includeInIndex = 0; path = SwiftUIOfficailTests.xctest; sourceTree = BUILT_PRODUCTS_DIR; };
		E9CFA2F330068EA500ED3F16 /* SwiftUIOfficailUITests.xctest */ = {isa = PBXFileReference; explicitFileType = wrapper.cfbundle; includeInIndex = 0; path = SwiftUIOfficailUITests.xctest; sourceTree = BUILT_PRODUCTS_DIR; };
/* End PBXFileReference section */

/* Begin PBXFileSystemSynchronizedRootGroup section */
		E9CFA2DE30068EA400ED3F16 /* SwiftUIOfficail */ = {
			isa = PBXFileSystemSynchronizedRootGroup;
			path = SwiftUIOfficail;
			sourceTree = "<group>";
		};
		E9CFA2EC30068EA500ED3F16 /* SwiftUIOfficailTests */ = {
			isa = PBXFileSystemSynchronizedRootGroup;
			path = SwiftUIOfficailTests;
			sourceTree = "<group>";
		};
		E9CFA2F630068EA500ED3F16 /* SwiftUIOfficailUITests */ = {
			isa = PBXFileSystemSynchronizedRootGroup;
			path = SwiftUIOfficailUITests;
			sourceTree = "<group>";
		};
/* End PBXFileSystemSynchronizedRootGroup section */

/* Begin PBXFrameworksBuildPhase section */
		E9CFA2D930068EA400ED3F16 /* Frameworks */ = {
			isa = PBXFrameworksBuildPhase;
			buildActionMask = 2147483647;
			files = (
			);
			runOnlyForDeploymentPostprocessing = 0;
		};
		E9CFA2E630068EA500ED3F16 /* Frameworks */ = {
			isa = PBXFrameworksBuildPhase;
			buildActionMask = 2147483647;
			files = (
			);
			runOnlyForDeploymentPostprocessing = 0;
		};
		E9CFA2F030068EA500ED3F16 /* Frameworks */ = {
			isa = PBXFrameworksBuildPhase;
			buildActionMask = 2147483647;
			files = (
			);
			runOnlyForDeploymentPostprocessing = 0;
		};
/* End PBXFrameworksBuildPhase section */

/* Begin PBXGroup section */
		E9CFA2D330068EA400ED3F16 = {
			isa = PBXGroup;
			children = (
				E9CFA2DE30068EA400ED3F16 /* SwiftUIOfficail */,
				E9CFA2EC30068EA500ED3F16 /* SwiftUIOfficailTests */,
				E9CFA2F630068EA500ED3F16 /* SwiftUIOfficailUITests */,
				E9CFA2DD30068EA400ED3F16 /* Products */,
			);
			sourceTree = "<group>";
		};
		E9CFA2DD30068EA400ED3F16 /* Products */ = {
			isa = PBXGroup;
			children = (
				E9CFA2DC30068EA400ED3F16 /* SwiftUIOfficail.app */,
				E9CFA2E930068EA500ED3F16 /* SwiftUIOfficailTests.xctest */,
				E9CFA2F330068EA500ED3F16 /* SwiftUIOfficailUITests.xctest */,
			);
			name = Products;
			sourceTree = "<group>";
		};
/* End PBXGroup section */

/* Begin PBXNativeTarget section */
		E9CFA2DB30068EA400ED3F16 /* SwiftUIOfficail */ = {
			isa = PBXNativeTarget;
			buildConfigurationList = E9CFA2FD30068EA500ED3F16 /* Build configuration list for PBXNativeTarget "SwiftUIOfficail" */;
			buildPhases = (
				E9CFA2D830068EA400ED3F16 /* Sources */,
				E9CFA2D930068EA400ED3F16 /* Frameworks */,
				E9CFA2DA30068EA400ED3F16 /* Resources */,
			);
			buildRules = (
			);
			dependencies = (
			);
			fileSystemSynchronizedGroups = (
				E9CFA2DE30068EA400ED3F16 /* SwiftUIOfficail */,
			);
			name = SwiftUIOfficail;
			packageProductDependencies = (
			);
			productName = SwiftUIOfficail;
			productReference = E9CFA2DC30068EA400ED3F16 /* SwiftUIOfficail.app */;
			productType = "com.apple.product-type.application";
		};
		E9CFA2E830068EA500ED3F16 /* SwiftUIOfficailTests */ = {
			isa = PBXNativeTarget;
			buildConfigurationList = E9CFA30030068EA500ED3F16 /* Build configuration list for PBXNativeTarget "SwiftUIOfficailTests" */;
			buildPhases = (
				E9CFA2E530068EA500ED3F16 /* Sources */,
				E9CFA2E630068EA500ED3F16 /* Frameworks */,
				E9CFA2E730068EA500ED3F16 /* Resources */,
			);
			buildRules = (
			);
			dependencies = (
				E9CFA2EB30068EA500ED3F16 /* PBXTargetDependency */,
			);
			fileSystemSynchronizedGroups = (
				E9CFA2EC30068EA500ED3F16 /* SwiftUIOfficailTests */,
			);
			name = SwiftUIOfficailTests;
			packageProductDependencies = (
			);
			productName = SwiftUIOfficailTests;
			productReference = E9CFA2E930068EA500ED3F16 /* SwiftUIOfficailTests.xctest */;
			productType = "com.apple.product-type.bundle.unit-test";
		};
		E9CFA2F230068EA500ED3F16 /* SwiftUIOfficailUITests */ = {
			isa = PBXNativeTarget;
			buildConfigurationList = E9CFA30330068EA500ED3F16 /* Build configuration list for PBXNativeTarget "SwiftUIOfficailUITests" */;
			buildPhases = (
				E9CFA2EF30068EA500ED3F16 /* Sources */,
				E9CFA2F030068EA500ED3F16 /* Frameworks */,
				E9CFA2F130068EA500ED3F16 /* Resources */,
			);
			buildRules = (
			);
			dependencies = (
				E9CFA2F530068EA500ED3F16 /* PBXTargetDependency */,
			);
			fileSystemSynchronizedGroups = (
				E9CFA2F630068EA500ED3F16 /* SwiftUIOfficailUITests */,
			);
			name = SwiftUIOfficailUITests;
			packageProductDependencies = (
			);
			productName = SwiftUIOfficailUITests;
			productReference = E9CFA2F330068EA500ED3F16 /* SwiftUIOfficailUITests.xctest */;
			productType = "com.apple.product-type.bundle.ui-testing";
		};
/* End PBXNativeTarget section */

/* Begin PBXProject section */
		E9CFA2D430068EA400ED3F16 /* Project object */ = {
			isa = PBXProject;
			attributes = {
				BuildIndependentTargetsInParallel = 1;
				LastSwiftUpdateCheck = 2660;
				LastUpgradeCheck = 2660;
				TargetAttributes = {
					E9CFA2DB30068EA400ED3F16 = {
						CreatedOnToolsVersion = 26.6;
					};
					E9CFA2E830068EA500ED3F16 = {
						CreatedOnToolsVersion = 26.6;
						TestTargetID = E9CFA2DB30068EA400ED3F16;
					};
					E9CFA2F230068EA500ED3F16 = {
						CreatedOnToolsVersion = 26.6;
						TestTargetID = E9CFA2DB30068EA400ED3F16;
					};
				};
			};
			buildConfigurationList = E9CFA2D730068EA400ED3F16 /* Build configuration list for PBXProject "SwiftUIOfficail" */;
			developmentRegion = en;
			hasScannedForEncodings = 0;
			knownRegions = (
				en,
				Base,
			);
			mainGroup = E9CFA2D330068EA400ED3F16;
			minimizedProjectReferenceProxies = 1;
			preferredProjectObjectVersion = 77;
			productRefGroup = E9CFA2DD30068EA400ED3F16 /* Products */;
			projectDirPath = "";
			projectRoot = "";
			targets = (
				E9CFA2DB30068EA400ED3F16 /* SwiftUIOfficail */,
				E9CFA2E830068EA500ED3F16 /* SwiftUIOfficailTests */,
				E9CFA2F230068EA500ED3F16 /* SwiftUIOfficailUITests */,
			);
		};
/* End PBXProject section */

/* Begin PBXResourcesBuildPhase section */
		E9CFA2DA30068EA400ED3F16 /* Resources */ = {
			isa = PBXResourcesBuildPhase;
			buildActionMask = 2147483647;
			files = (
			);
			runOnlyForDeploymentPostprocessing = 0;
		};
		E9CFA2E730068EA500ED3F16 /* Resources */ = {
			isa = PBXResourcesBuildPhase;
			buildActionMask = 2147483647;
			files = (
			);
			runOnlyForDeploymentPostprocessing = 0;
		};
		E9CFA2F130068EA500ED3F16 /* Resources */ = {
			isa = PBXResourcesBuildPhase;
			buildActionMask = 2147483647;
			files = (
			);
			runOnlyForDeploymentPostprocessing = 0;
		};
/* End PBXResourcesBuildPhase section */

/* Begin PBXSourcesBuildPhase section */
		E9CFA2D830068EA400ED3F16 /* Sources */ = {
			isa = PBXSourcesBuildPhase;
			buildActionMask = 2147483647;
			files = (
			);
			runOnlyForDeploymentPostprocessing = 0;
		};
		E9CFA2E530068EA500ED3F16 /* Sources */ = {
			isa = PBXSourcesBuildPhase;
			buildActionMask = 2147483647;
			files = (
			);
			runOnlyForDeploymentPostprocessing = 0;
		};
		E9CFA2EF30068EA500ED3F16 /* Sources */ = {
			isa = PBXSourcesBuildPhase;
			buildActionMask = 2147483647;
			files = (
			);
			runOnlyForDeploymentPostprocessing = 0;
		};
/* End PBXSourcesBuildPhase section */

/* Begin PBXTargetDependency section */
		E9CFA2EB30068EA500ED3F16 /* PBXTargetDependency */ = {
			isa = PBXTargetDependency;
			target = E9CFA2DB30068EA400ED3F16 /* SwiftUIOfficail */;
			targetProxy = E9CFA2EA30068EA500ED3F16 /* PBXContainerItemProxy */;
		};
		E9CFA2F530068EA500ED3F16 /* PBXTargetDependency */ = {
			isa = PBXTargetDependency;
			target = E9CFA2DB30068EA400ED3F16 /* SwiftUIOfficail */;
			targetProxy = E9CFA2F430068EA500ED3F16 /* PBXContainerItemProxy */;
		};
/* End PBXTargetDependency section */

/* Begin XCBuildConfiguration section */
		E9CFA2FB30068EA500ED3F16 /* Debug */ = {
			isa = XCBuildConfiguration;
			buildSettings = {
				ALWAYS_SEARCH_USER_PATHS = NO;
				ASSETCATALOG_COMPILER_GENERATE_SWIFT_ASSET_SYMBOL_EXTENSIONS = YES;
				CLANG_ANALYZER_NONNULL = YES;
				CLANG_ANALYZER_NUMBER_OBJECT_CONVERSION = YES_AGGRESSIVE;
				CLANG_CXX_LANGUAGE_STANDARD = "gnu++20";
				CLANG_ENABLE_MODULES = YES;
				CLANG_ENABLE_OBJC_ARC = YES;
				CLANG_ENABLE_OBJC_WEAK = YES;
				CLANG_WARN_BLOCK_CAPTURE_AUTORELEASING = YES;
				CLANG_WARN_BOOL_CONVERSION = YES;
				CLANG_WARN_COMMA = YES;
				CLANG_WARN_CONSTANT_CONVERSION = YES;
				CLANG_WARN_DEPRECATED_OBJC_IMPLEMENTATIONS = YES;
				CLANG_WARN_DIRECT_OBJC_ISA_USAGE = YES_ERROR;
				CLANG_WARN_DOCUMENTATION_COMMENTS = YES;
				CLANG_WARN_EMPTY_BODY = YES;
				CLANG_WARN_ENUM_CONVERSION = YES;
				CLANG_WARN_INFINITE_RECURSION = YES;
				CLANG_WARN_INT_CONVERSION = YES;
				CLANG_WARN_NON_LITERAL_NULL_CONVERSION = YES;
				CLANG_WARN_OBJC_IMPLICIT_RETAIN_SELF = YES;
				CLANG_WARN_OBJC_LITERAL_CONVERSION = YES;
				CLANG_WARN_OBJC_ROOT_CLASS = YES_ERROR;
				CLANG_WARN_QUOTED_INCLUDE_IN_FRAMEWORK_HEADER = YES;
				CLANG_WARN_RANGE_LOOP_ANALYSIS = YES;
				CLANG_WARN_STRICT_PROTOTYPES = YES;
				CLANG_WARN_SUSPICIOUS_MOVE = YES;
				CLANG_WARN_UNGUARDED_AVAILABILITY = YES_AGGRESSIVE;
				CLANG_WARN_UNREACHABLE_CODE = YES;
				CLANG_WARN__DUPLICATE_METHOD_MATCH = YES;
				COPY_PHASE_STRIP = NO;
				DEBUG_INFORMATION_FORMAT = dwarf;
				DEVELOPMENT_TEAM = 6K6N6JA23S;
				ENABLE_STRICT_OBJC_MSGSEND = YES;
				ENABLE_TESTABILITY = YES;
				ENABLE_USER_SCRIPT_SANDBOXING = YES;
				GCC_C_LANGUAGE_STANDARD = gnu17;
				GCC_DYNAMIC_NO_PIC = NO;
				GCC_NO_COMMON_BLOCKS = YES;
				GCC_OPTIMIZATION_LEVEL = 0;
				GCC_PREPROCESSOR_DEFINITIONS = (
					"DEBUG=1",
					"$(inherited)",
				);
				GCC_WARN_64_TO_32_BIT_CONVERSION = YES;
				GCC_WARN_ABOUT_RETURN_TYPE = YES_ERROR;
				GCC_WARN_UNDECLARED_SELECTOR = YES;
				GCC_WARN_UNINITIALIZED_AUTOS = YES_AGGRESSIVE;
				GCC_WARN_UNUSED_FUNCTION = YES;
				GCC_WARN_UNUSED_VARIABLE = YES;
				IPHONEOS_DEPLOYMENT_TARGET = 26.5;
				LOCALIZATION_PREFERS_STRING_CATALOGS = YES;
				MTL_ENABLE_DEBUG_INFO = INCLUDE_SOURCE;
				MTL_FAST_MATH = YES;
				ONLY_ACTIVE_ARCH = YES;
				SDKROOT = iphoneos;
				SWIFT_ACTIVE_COMPILATION_CONDITIONS = "DEBUG $(inherited)";
				SWIFT_OPTIMIZATION_LEVEL = "-Onone";
			};
			name = Debug;
		};
		E9CFA2FC30068EA500ED3F16 /* Release */ = {
			isa = XCBuildConfiguration;
			buildSettings = {
				ALWAYS_SEARCH_USER_PATHS = NO;
				ASSETCATALOG_COMPILER_GENERATE_SWIFT_ASSET_SYMBOL_EXTENSIONS = YES;
				CLANG_ANALYZER_NONNULL = YES;
				CLANG_ANALYZER_NUMBER_OBJECT_CONVERSION = YES_AGGRESSIVE;
				CLANG_CXX_LANGUAGE_STANDARD = "gnu++20";
				CLANG_ENABLE_MODULES = YES;
				CLANG_ENABLE_OBJC_ARC = YES;
				CLANG_ENABLE_OBJC_WEAK = YES;
				CLANG_WARN_BLOCK_CAPTURE_AUTORELEASING = YES;
				CLANG_WARN_BOOL_CONVERSION = YES;
				CLANG_WARN_COMMA = YES;
				CLANG_WARN_CONSTANT_CONVERSION = YES;
				CLANG_WARN_DEPRECATED_OBJC_IMPLEMENTATIONS = YES;
				CLANG_WARN_DIRECT_OBJC_ISA_USAGE = YES_ERROR;
				CLANG_WARN_DOCUMENTATION_COMMENTS = YES;
				CLANG_WARN_EMPTY_BODY = YES;
				CLANG_WARN_ENUM_CONVERSION = YES;
				CLANG_WARN_INFINITE_RECURSION = YES;
				CLANG_WARN_INT_CONVERSION = YES;
				CLANG_WARN_NON_LITERAL_NULL_CONVERSION = YES;
				CLANG_WARN_OBJC_IMPLICIT_RETAIN_SELF = YES;
				CLANG_WARN_OBJC_LITERAL_CONVERSION = YES;
				CLANG_WARN_OBJC_ROOT_CLASS = YES_ERROR;
				CLANG_WARN_QUOTED_INCLUDE_IN_FRAMEWORK_HEADER = YES;
				CLANG_WARN_RANGE_LOOP_ANALYSIS = YES;
				CLANG_WARN_STRICT_PROTOTYPES = YES;
				CLANG_WARN_SUSPICIOUS_MOVE = YES;
				CLANG_WARN_UNGUARDED_AVAILABILITY = YES_AGGRESSIVE;
				CLANG_WARN_UNREACHABLE_CODE = YES;
				CLANG_WARN__DUPLICATE_METHOD_MATCH = YES;
				COPY_PHASE_STRIP = NO;
				DEBUG_INFORMATION_FORMAT = "dwarf-with-dsym";
				DEVELOPMENT_TEAM = 6K6N6JA23S;
				ENABLE_NS_ASSERTIONS = NO;
				ENABLE_STRICT_OBJC_MSGSEND = YES;
				ENABLE_USER_SCRIPT_SANDBOXING = YES;
				GCC_C_LANGUAGE_STANDARD = gnu17;
				GCC_NO_COMMON_BLOCKS = YES;
				GCC_WARN_64_TO_32_BIT_CONVERSION = YES;
				GCC_WARN_ABOUT_RETURN_TYPE = YES_ERROR;
				GCC_WARN_UNDECLARED_SELECTOR = YES;
				GCC_WARN_UNINITIALIZED_AUTOS = YES_AGGRESSIVE;
				GCC_WARN_UNUSED_FUNCTION = YES;
				GCC_WARN_UNUSED_VARIABLE = YES;
				IPHONEOS_DEPLOYMENT_TARGET = 26.5;
				LOCALIZATION_PREFERS_STRING_CATALOGS = YES;
				MTL_ENABLE_DEBUG_INFO = NO;
				MTL_FAST_MATH = YES;
				SDKROOT = iphoneos;
				SWIFT_COMPILATION_MODE = wholemodule;
				VALIDATE_PRODUCT = YES;
			};
			name = Release;
		};
		E9CFA2FE30068EA500ED3F16 /* Debug */ = {
			isa = XCBuildConfiguration;
			buildSettings = {
				ASSETCATALOG_COMPILER_APPICON_NAME = AppIcon;
				ASSETCATALOG_COMPILER_GLOBAL_ACCENT_COLOR_NAME = AccentColor;
				CODE_SIGN_STYLE = Automatic;
				CURRENT_PROJECT_VERSION = 1;
				DEVELOPMENT_TEAM = 6K6N6JA23S;
				ENABLE_PREVIEWS = YES;
				GENERATE_INFOPLIST_FILE = YES;
				INFOPLIST_KEY_UIApplicationSceneManifest_Generation = YES;
				INFOPLIST_KEY_UIApplicationSupportsIndirectInputEvents = YES;
				INFOPLIST_KEY_UILaunchScreen_Generation = YES;
				INFOPLIST_KEY_UISupportedInterfaceOrientations_iPad = "UIInterfaceOrientationPortrait UIInterfaceOrientationPortraitUpsideDown UIInterfaceOrientationLandscapeLeft UIInterfaceOrientationLandscapeRight";
				INFOPLIST_KEY_UISupportedInterfaceOrientations_iPhone = "UIInterfaceOrientationPortrait UIInterfaceOrientationLandscapeLeft UIInterfaceOrientationLandscapeRight";
				LD_RUNPATH_SEARCH_PATHS = (
					"$(inherited)",
					"@executable_path/Frameworks",
				);
				MARKETING_VERSION = 1.0;
				PRODUCT_BUNDLE_IDENTIFIER = com.selfEmployee.SwiftUIOfficail;
				PRODUCT_NAME = "$(TARGET_NAME)";
				STRING_CATALOG_GENERATE_SYMBOLS = YES;
				SWIFT_APPROACHABLE_CONCURRENCY = YES;
				SWIFT_DEFAULT_ACTOR_ISOLATION = MainActor;
				SWIFT_EMIT_LOC_STRINGS = YES;
				SWIFT_UPCOMING_FEATURE_MEMBER_IMPORT_VISIBILITY = YES;
				SWIFT_VERSION = 5.0;
				TARGETED_DEVICE_FAMILY = "1,2";
			};
			name = Debug;
		};
		E9CFA2FF30068EA500ED3F16 /* Release */ = {
			isa = XCBuildConfiguration;
			buildSettings = {
				ASSETCATALOG_COMPILER_APPICON_NAME = AppIcon;
				ASSETCATALOG_COMPILER_GLOBAL_ACCENT_COLOR_NAME = AccentColor;
				CODE_SIGN_STYLE = Automatic;
				CURRENT_PROJECT_VERSION = 1;
				DEVELOPMENT_TEAM = 6K6N6JA23S;
				ENABLE_PREVIEWS = YES;
				GENERATE_INFOPLIST_FILE = YES;
				INFOPLIST_KEY_UIApplicationSceneManifest_Generation = YES;
				INFOPLIST_KEY_UIApplicationSupportsIndirectInputEvents = YES;
				INFOPLIST_KEY_UILaunchScreen_Generation = YES;
				INFOPLIST_KEY_UISupportedInterfaceOrientations_iPad = "UIInterfaceOrientationPortrait UIInterfaceOrientationPortraitUpsideDown UIInterfaceOrientationLandscapeLeft UIInterfaceOrientationLandscapeRight";
				INFOPLIST_KEY_UISupportedInterfaceOrientations_iPhone = "UIInterfaceOrientationPortrait UIInterfaceOrientationLandscapeLeft UIInterfaceOrientationLandscapeRight";
				LD_RUNPATH_SEARCH_PATHS = (
					"$(inherited)",
					"@executable_path/Frameworks",
				);
				MARKETING_VERSION = 1.0;
				PRODUCT_BUNDLE_IDENTIFIER = com.selfEmployee.SwiftUIOfficail;
				PRODUCT_NAME = "$(TARGET_NAME)";
				STRING_CATALOG_GENERATE_SYMBOLS = YES;
				SWIFT_APPROACHABLE_CONCURRENCY = YES;
				SWIFT_DEFAULT_ACTOR_ISOLATION = MainActor;
				SWIFT_EMIT_LOC_STRINGS = YES;
				SWIFT_UPCOMING_FEATURE_MEMBER_IMPORT_VISIBILITY = YES;
				SWIFT_VERSION = 5.0;
				TARGETED_DEVICE_FAMILY = "1,2";
			};
			name = Release;
		};
		E9CFA30130068EA500ED3F16 /* Debug */ = {
			isa = XCBuildConfiguration;
			buildSettings = {
				BUNDLE_LOADER = "$(TEST_HOST)";
				CODE_SIGN_STYLE = Automatic;
				CURRENT_PROJECT_VERSION = 1;
				DEVELOPMENT_TEAM = 6K6N6JA23S;
				GENERATE_INFOPLIST_FILE = YES;
				IPHONEOS_DEPLOYMENT_TARGET = 26.5;
				MARKETING_VERSION = 1.0;
				PRODUCT_BUNDLE_IDENTIFIER = com.selfEmployee.SwiftUIOfficailTests;
				PRODUCT_NAME = "$(TARGET_NAME)";
				STRING_CATALOG_GENERATE_SYMBOLS = NO;
				SWIFT_APPROACHABLE_CONCURRENCY = YES;
				SWIFT_EMIT_LOC_STRINGS = NO;
				SWIFT_UPCOMING_FEATURE_MEMBER_IMPORT_VISIBILITY = YES;
				SWIFT_VERSION = 5.0;
				TARGETED_DEVICE_FAMILY = "1,2";
				TEST_HOST = "$(BUILT_PRODUCTS_DIR)/SwiftUIOfficail.app/$(BUNDLE_EXECUTABLE_FOLDER_PATH)/SwiftUIOfficail";
			};
			name = Debug;
		};
		E9CFA30230068EA500ED3F16 /* Release */ = {
			isa = XCBuildConfiguration;
			buildSettings = {
				BUNDLE_LOADER = "$(TEST_HOST)";
				CODE_SIGN_STYLE = Automatic;
				CURRENT_PROJECT_VERSION = 1;
				DEVELOPMENT_TEAM = 6K6N6JA23S;
				GENERATE_INFOPLIST_FILE = YES;
				IPHONEOS_DEPLOYMENT_TARGET = 26.5;
				MARKETING_VERSION = 1.0;
				PRODUCT_BUNDLE_IDENTIFIER = com.selfEmployee.SwiftUIOfficailTests;
				PRODUCT_NAME = "$(TARGET_NAME)";
				STRING_CATALOG_GENERATE_SYMBOLS = NO;
				SWIFT_APPROACHABLE_CONCURRENCY = YES;
				SWIFT_EMIT_LOC_STRINGS = NO;
				SWIFT_UPCOMING_FEATURE_MEMBER_IMPORT_VISIBILITY = YES;
				SWIFT_VERSION = 5.0;
				TARGETED_DEVICE_FAMILY = "1,2";
				TEST_HOST = "$(BUILT_PRODUCTS_DIR)/SwiftUIOfficail.app/$(BUNDLE_EXECUTABLE_FOLDER_PATH)/SwiftUIOfficail";
			};
			name = Release;
		};
		E9CFA30430068EA500ED3F16 /* Debug */ = {
			isa = XCBuildConfiguration;
			buildSettings = {
				CODE_SIGN_STYLE = Automatic;
				CURRENT_PROJECT_VERSION = 1;
				DEVELOPMENT_TEAM = 6K6N6JA23S;
				GENERATE_INFOPLIST_FILE = YES;
				MARKETING_VERSION = 1.0;
				PRODUCT_BUNDLE_IDENTIFIER = com.selfEmployee.SwiftUIOfficailUITests;
				PRODUCT_NAME = "$(TARGET_NAME)";
				STRING_CATALOG_GENERATE_SYMBOLS = NO;
				SWIFT_APPROACHABLE_CONCURRENCY = YES;
				SWIFT_EMIT_LOC_STRINGS = NO;
				SWIFT_UPCOMING_FEATURE_MEMBER_IMPORT_VISIBILITY = YES;
				SWIFT_VERSION = 5.0;
				TARGETED_DEVICE_FAMILY = "1,2";
				TEST_TARGET_NAME = SwiftUIOfficail;
			};
			name = Debug;
		};
		E9CFA30530068EA500ED3F16 /* Release */ = {
			isa = XCBuildConfiguration;
			buildSettings = {
				CODE_SIGN_STYLE = Automatic;
				CURRENT_PROJECT_VERSION = 1;
				DEVELOPMENT_TEAM = 6K6N6JA23S;
				GENERATE_INFOPLIST_FILE = YES;
				MARKETING_VERSION = 1.0;
				PRODUCT_BUNDLE_IDENTIFIER = com.selfEmployee.SwiftUIOfficailUITests;
				PRODUCT_NAME = "$(TARGET_NAME)";
				STRING_CATALOG_GENERATE_SYMBOLS = NO;
				SWIFT_APPROACHABLE_CONCURRENCY = YES;
				SWIFT_EMIT_LOC_STRINGS = NO;
				SWIFT_UPCOMING_FEATURE_MEMBER_IMPORT_VISIBILITY = YES;
				SWIFT_VERSION = 5.0;
				TARGETED_DEVICE_FAMILY = "1,2";
				TEST_TARGET_NAME = SwiftUIOfficail;
			};
			name = Release;
		};
/* End XCBuildConfiguration section */

/* Begin XCConfigurationList section */
		E9CFA2D730068EA400ED3F16 /* Build configuration list for PBXProject "SwiftUIOfficail" */ = {
			isa = XCConfigurationList;
			buildConfigurations = (
				E9CFA2FB30068EA500ED3F16 /* Debug */,
				E9CFA2FC30068EA500ED3F16 /* Release */,
			);
			defaultConfigurationIsVisible = 0;
			defaultConfigurationName = Release;
		};
		E9CFA2FD30068EA500ED3F16 /* Build configuration list for PBXNativeTarget "SwiftUIOfficail" */ = {
			isa = XCConfigurationList;
			buildConfigurations = (
				E9CFA2FE30068EA500ED3F16 /* Debug */,
				E9CFA2FF30068EA500ED3F16 /* Release */,
			);
			defaultConfigurationIsVisible = 0;
			defaultConfigurationName = Release;
		};
		E9CFA30030068EA500ED3F16 /* Build configuration list for PBXNativeTarget "SwiftUIOfficailTests" */ = {
			isa = XCConfigurationList;
			buildConfigurations = (
				E9CFA30130068EA500ED3F16 /* Debug */,
				E9CFA30230068EA500ED3F16 /* Release */,
			);
			defaultConfigurationIsVisible = 0;
			defaultConfigurationName = Release;
		};
		E9CFA30330068EA500ED3F16 /* Build configuration list for PBXNativeTarget "SwiftUIOfficailUITests" */ = {
			isa = XCConfigurationList;
			buildConfigurations = (
				E9CFA30430068EA500ED3F16 /* Debug */,
				E9CFA30530068EA500ED3F16 /* Release */,
			);
			defaultConfigurationIsVisible = 0;
			defaultConfigurationName = Release;
		};
/* End XCConfigurationList section */
	};
	rootObject = E9CFA2D430068EA400ED3F16 /* Project object */;
}
